// !$*UTF8*$!
{
	archiveVersion = 1;
	classes = {
	};
	objectVersion = 51;
	objects = {

/* Begin PBXBuildFile section */
		693395BD2F0A6661F68913EF /* Pods_Parstagram_ParstagramUITests.framework in Frameworks */ = {isa = PBXBuildFile; fileRef = 292E2F0FD5355BAB13A002C4 /* Pods_Parstagram_ParstagramUITests.framework */; };
		7882DFF0BDBB06EF78733DE6 /* Pods_Parstagram.framework in Frameworks */ = {isa = PBXBuildFile; fileRef = EF70B8DF5E06327B7EB1F446 /* Pods_Parstagram.framework */; };
		88B4FD498BA1083C9EAFC201 /* Pods_ParstagramTests.framework in Frameworks */ = {isa = PBXBuildFile; fileRef = 4055997D91C12C9B62105FBC /* Pods_ParstagramTests.framework */; };
		B110E28526BDABB900E6B87D /* LoginViewController.swift in Sources */ = {isa = PBXBuildFile; fileRef = B110E28426BDABB900E6B87D /* LoginViewController.swift */; };
		B110E28726BDABCE00E6B87D /* FeedViewController.swift in Sources */ = {isa = PBXBuildFile; fileRef = B110E28626BDABCE00E6B87D /* FeedViewController.swift */; };
		B110E28926BDEEDE00E6B87D /* CameraViewController.swift in Sources */ = {isa = PBXBuildFile; fileRef = B110E28826BDEEDE00E6B87D /* CameraViewController.swift */; };
		B143FE4526C61D8200E8417D /* PostCell.swift in Sources */ = {isa = PBXBuildFile; fileRef = B143FE4426C61D8200E8417D /* PostCell.swift */; };
		B1476F0F26B9E7F8009D22B2 /* AppDelegate.swift in Sources */ = {isa = PBXBuildFile; fileRef = B1476F0E26B9E7F8009D22B2 /* AppDelegate.swift */; };
		B1476F1126B9E7F8009D22B2 /* SceneDelegate.swift in Sources */ = {isa = PBXBuildFile; fileRef = B1476F1026B9E7F8009D22B2 /* SceneDelegate.swift */; };
		B1476F1626B9E7F8009D22B2 /* Main.storyboard in Resources */ = {isa = PBXBuildFile; fileRef = B1476F1426B9E7F8009D22B2 /* Main.storyboard */; };
		B1476F1826B9E7FE009D22B2 /* Assets.xcassets in Resources */ = {isa = PBXBuildFile; fileRef = B1476F1726B9E7FE009D22B2 /* Assets.xcassets */; };
		B1476F1B26B9E7FE009D22B2 /* LaunchScreen.storyboard in Resources */ = {isa = PBXBuildFile; fileRef = B1476F1926B9E7FE009D22B2 /* LaunchScreen.storyboard */; };
		B1476F2626B9E7FE009D22B2 /* ParstagramTests.swift in Sources */ = {isa = PBXBuildFile; fileRef = B1476F2526B9E7FE009D22B2 /* ParstagramTests.swift */; };
		B1476F3126B9E7FE009D22B2 /* ParstagramUITests.swift in Sources */ = {isa = PBXBuildFile; fileRef = B1476F3026B9E7FE009D22B2 /* ParstagramUITests.swift */; };
		B1FE730F26D32F4000D0B2E1 /* CommentCell.swift in Sources */ = {isa = PBXBuildFile; fileRef = B1FE730E26D32F4000D0B2E1 /* CommentCell.swift */; };
/* End PBXBuildFile section */

/* Begin PBXContainerItemProxy section */
		B1476F2226B9E7FE009D22B2 /* PBXContainerItemProxy */ = {
			isa = PBXContainerItemProxy;
			containerPortal = B1476F0326B9E7F8009D22B2 /* Project object */;
			proxyType = 1;
			remoteGlobalIDString = B1476F0A26B9E7F8009D22B2;
			remoteInfo = Parstagram;
		};
		B1476F2D26B9E7FE009D22B2 /* PBXContainerItemProxy */ = {
			isa = PBXContainerItemProxy;
			containerPortal = B1476F0326B9E7F8009D22B2 /* Project object */;
			proxyType = 1;
			remoteGlobalIDString = B1476F0A26B9E7F8009D22B2;
			remoteInfo = Parstagram;
		};
/* End PBXContainerItemProxy section */

/* Begin PBXFileReference section */
		0C4E55B7A8F3AFF9D8D61D4A /* Pods-Parstagram-ParstagramUITests.debug.xcconfig */ = {isa = PBXFileReference; includeInIndex = 1; lastKnownFileType = text.xcconfig; name = "Pods-Parstagram-ParstagramUITests.debug.xcconfig"; path = "Target Support Files/Pods-Parstagram-ParstagramUITests/Pods-Parstagram-ParstagramUITests.debug.xcconfig"; sourceTree = "<group>"; };
		292E2F0FD5355BAB13A002C4 /* Pods_Parstagram_ParstagramUITests.framework */ = {isa = PBXFileReference; explicitFileType = wrapper.framework; includeInIndex = 0; path = Pods_Parstagram_ParstagramUITests.framework; sourceTree = BUILT_PRODUCTS_DIR; };
		3C6D00DE7B1D2A7973D5C7A0 /* Pods-ParstagramTests.debug.xcconfig */ = {isa = PBXFileReference; includeInIndex = 1; lastKnownFileType = text.xcconfig; name = "Pods-ParstagramTests.debug.xcconfig"; path = "Target Support Files/Pods-ParstagramTests/Pods-ParstagramTests.debug.xcconfig"; sourceTree = "<group>"; };
		4055997D91C12C9B62105FBC /* Pods_ParstagramTests.framework */ = {isa = PBXFileReference; explicitFileType = wrapper.framework; includeInIndex = 0; path = Pods_ParstagramTests.framework; sourceTree = BUILT_PRODUCTS_DIR; };
		77E0351C5FE857CB56C2E27B /* Pods-Parstagram-ParstagramUITests.release.xcconfig */ = {isa = PBXFileReference; includeInIndex = 1; lastKnownFileType = text.xcconfig; name = "Pods-Parstagram-ParstagramUITests.release.xcconfig"; path = "Target Support Files/Pods-Parstagram-ParstagramUITests/Pods-Parstagram-ParstagramUITests.release.xcconfig"; sourceTree = "<group>"; };
		95AFC4B144A7870157347932 /* Pods-Parstagram.release.xcconfig */ = {isa = PBXFileReference; includeInIndex = 1; lastKnownFileType = text.xcconfig; name = "Pods-Parstagram.release.xcconfig"; path = "Target Support Files/Pods-Parstagram/Pods-Parstagram.release.xcconfig"; sourceTree = "<group>"; };
		B1057B89571305BFD66276C9 /* Pods-Parstagram.debug.xcconfig */ = {isa = PBXFileReference; includeInIndex = 1; lastKnownFileType = text.xcconfig; name = "Pods-Parstagram.debug.xcconfig"; path = "Target Support Files/Pods-Parstagram/Pods-Parstagram.debug.xcconfig"; sourceTree = "<group>"; };
		B110E28426BDABB900E6B87D /* LoginViewController.swift */ = {isa = PBXFileReference; lastKnownFileType = sourcecode.swift; path = LoginViewController.swift; sourceTree = "<group>"; };
		B110E28626BDABCE00E6B87D /* FeedViewController.swift */ = {isa = PBXFileReference; lastKnownFileType = sourcecode.swift; path = FeedViewController.swift; sourceTree = "<group>"; };
		B110E28826BDEEDE00E6B87D /* CameraViewController.swift */ = {isa = PBXFileReference; lastKnownFileType = sourcecode.swift; path = CameraViewController.swift; sourceTree = "<group>"; };
		B143FE4426C61D8200E8417D /* PostCell.swift */ = {isa = PBXFileReference; lastKnownFileType = sourcecode.swift; path = PostCell.swift; sourceTree = "<group>"; };
		B1476F0B26B9E7F8009D22B2 /* Parstagram.app */ = {isa = PBXFileReference; explicitFileType = wrapper.application; includeInIndex = 0; path = Parstagram.app; sourceTree = BUILT_PRODUCTS_DIR; };
		B1476F0E26B9E7F8009D22B2 /* AppDelegate.swift */ = {isa = PBXFileReference; lastKnownFileType = sourcecode.swift; path = AppDelegate.swift; sourceTree = "<group>"; };
		B1476F1026B9E7F8009D22B2 /* SceneDelegate.swift */ = {isa = PBXFileReference; lastKnownFileType = sourcecode.swift; path = SceneDelegate.swift; sourceTree = "<group>"; };
		B1476F1526B9E7F8009D22B2 /* Base */ = {isa = PBXFileReference; lastKnownFileType = file.storyboard; name = Base; path = Base.lproj/Main.storyboard; sourceTree = "<group>"; };
		B1476F1726B9E7FE009D22B2 /* Assets.xcassets */ = {isa = PBXFileReference; lastKnownFileType = folder.assetcatalog; path = Assets.xcassets; sourceTree = "<group>"; };
		B1476F1A26B9E7FE009D22B2 /* Base */ = {isa = PBXFileReference; lastKnownFileType = file.storyboard; name = Base; path = Base.lproj/LaunchScreen.storyboard; sourceTree = "<group>"; };
		B1476F1C26B9E7FE009D22B2 /* Info.plist */ = {isa = PBXFileReference; lastKnownFileType = text.plist.xml; path = Info.plist; sourceTree = "<group>"; };
		B1476F2126B9E7FE009D22B2 /* ParstagramTests.xctest */ = {isa = PBXFileReference; explicitFileType = wrapper.cfbundle; includeInIndex = 0; path = ParstagramTests.xctest; sourceTree = BUILT_PRODUCTS_DIR; };
		B1476F2526B9E7FE009D22B2 /* ParstagramTests.swift */ = {isa = PBXFileReference; lastKnownFileType = sourcecode.swift; path = ParstagramTests.swift; sourceTree = "<group>"; };
		B1476F2726B9E7FE009D22B2 /* Info.plist */ = {isa = PBXFileReference; lastKnownFileType = text.plist.xml; path = Info.plist; sourceTree = "<group>"; };
		B1476F2C26B9E7FE009D22B2 /* ParstagramUITests.xctest */ = {isa = PBXFileReference; explicitFileType = wrapper.cfbundle; includeInIndex = 0; path = ParstagramUITests.xctest; sourceTree = BUILT_PRODUCTS_DIR; };
		B1476F3026B9E7FE009D22B2 /* ParstagramUITests.swift */ = {isa = PBXFileReference; lastKnownFileType = sourcecode.swift; path = ParstagramUITests.swift; sourceTree = "<group>"; };
		B1476F3226B9E7FE009D22B2 /* Info.plist */ = {isa = PBXFileReference; lastKnownFileType = text.plist.xml; path = Info.plist; sourceTree = "<group>"; };
		B1FE730E26D32F4000D0B2E1 /* CommentCell.swift */ = {isa = PBXFileReference; lastKnownFileType = sourcecode.swift; path = CommentCell.swift; sourceTree = "<group>"; };
		EF70B8DF5E06327B7EB1F446 /* Pods_Parstagram.framework */ = {isa = PBXFileReference; explicitFileType = wrapper.framework; includeInIndex = 0; path = Pods_Parstagram.framework; sourceTree = BUILT_PRODUCTS_DIR; };
		FD06068855BD7553C5AB5E35 /* Pods-ParstagramTests.release.xcconfig */ = {isa = PBXFileReference; includeInIndex = 1; lastKnownFileType = text.xcconfig; name = "Pods-ParstagramTests.release.xcconfig"; path = "Target Support Files/Pods-ParstagramTests/Pods-ParstagramTests.release.xcconfig"; sourceTree = "<group>"; };
/* End PBXFileReference section */

/* Begin PBXFrameworksBuildPhase section */
		B1476F0826B9E7F8009D22B2 /* Frameworks */ = {
			isa = PBXFrameworksBuildPhase;
			buildActionMask = 2147483647;
			files = (
				7882DFF0BDBB06EF78733DE6 /* Pods_Parstagram.framework in Frameworks */,
			);
			runOnlyForDeploymentPostprocessing = 0;
		};
		B1476F1E26B9E7FE009D22B2 /* Frameworks */ = {
			isa = PBXFrameworksBuildPhase;
			buildActionMask = 2147483647;
			files = (
				88B4FD498BA1083C9EAFC201 /* Pods_ParstagramTests.framework in Frameworks */,
			);
			runOnlyForDeploymentPostprocessing = 0;
		};
		B1476F2926B9E7FE009D22B2 /* Frameworks */ = {
			isa = PBXFrameworksBuildPhase;
			buildActionMask = 2147483647;
			files = (
				693395BD2F0A6661F68913EF /* Pods_Parstagram_ParstagramUITests.framework in Frameworks */,
			);
			runOnlyForDeploymentPostprocessing = 0;
		};
/* End PBXFrameworksBuildPhase section */

/* Begin PBXGroup section */
		16F196C62F787C97BBE7BEDC /* Frameworks */ = {
			isa = PBXGroup;
			children = (
				EF70B8DF5E06327B7EB1F446 /* Pods_Parstagram.framework */,
				292E2F0FD5355BAB13A002C4 /* Pods_Parstagram_ParstagramUITests.framework */,
				4055997D91C12C9B62105FBC /* Pods_ParstagramTests.framework */,
			);
			name = Frameworks;
			sourceTree = "<group>";
		};
		7D457C19C3E4906DBA12606D /* Pods */ = {
			isa = PBXGroup;
			children = (
				B1057B89571305BFD66276C9 /* Pods-Parstagram.debug.xcconfig */,
				95AFC4B144A7870157347932 /* Pods-Parstagram.release.xcconfig */,
				0C4E55B7A8F3AFF9D8D61D4A /* Pods-Parstagram-ParstagramUITests.debug.xcconfig */,
				77E0351C5FE857CB56C2E27B /* Pods-Parstagram-ParstagramUITests.release.xcconfig */,
				3C6D00DE7B1D2A7973D5C7A0 /* Pods-ParstagramTests.debug.xcconfig */,
				FD06068855BD7553C5AB5E35 /* Pods-ParstagramTests.release.xcconfig */,
			);
			path = Pods;
			sourceTree = "<group>";
		};
		B1476F0226B9E7F8009D22B2 = {
			isa = PBXGroup;
			children = (
				B1476F0D26B9E7F8009D22B2 /* Parstagram */,
				B1476F2426B9E7FE009D22B2 /* ParstagramTests */,
				B1476F2F26B9E7FE009D22B2 /* ParstagramUITests */,
				B1476F0C26B9E7F8009D22B2 /* Products */,
				7D457C19C3E4906DBA12606D /* Pods */,
				16F196C62F787C97BBE7BEDC /* Frameworks */,
			);
			sourceTree = "<group>";
		};
		B1476F0C26B9E7F8009D22B2 /* Products */ = {
			isa = PBXGroup;
			children = (
				B1476F0B26B9E7F8009D22B2 /* Parstagram.app */,
				B1476F2126B9E7FE009D22B2 /* ParstagramTests.xctest */,
				B1476F2C26B9E7FE009D22B2 /* ParstagramUITests.xctest */,
			);
			name = Products;
			sourceTree = "<group>";
		};
		B1476F0D26B9E7F8009D22B2 /* Parstagram */ = {
			isa = PBXGroup;
			children = (
				B1476F0E26B9E7F8009D22B2 /* AppDelegate.swift */,
				B1476F1026B9E7F8009D22B2 /* SceneDelegate.swift */,
				B1476F1426B9E7F8009D22B2 /* Main.storyboard */,
				B1476F1726B9E7FE009D22B2 /* Assets.xcassets */,
				B1476F1926B9E7FE009D22B2 /* LaunchScreen.storyboard */,
				B1476F1C26B9E7FE009D22B2 /* Info.plist */,
				B110E28426BDABB900E6B87D /* LoginViewController.swift */,
				B110E28626BDABCE00E6B87D /* FeedViewController.swift */,
				B110E28826BDEEDE00E6B87D /* CameraViewController.swift */,
				B143FE4426C61D8200E8417D /* PostCell.swift */,
				B1FE730E26D32F4000D0B2E1 /* CommentCell.swift */,
			);
			path = Parstagram;
			sourceTree = "<group>";
		};
		B1476F2426B9E7FE009D22B2 /* ParstagramTests */ = {
			isa = PBXGroup;
			children = (
				B1476F2526B9E7FE009D22B2 /* ParstagramTests.swift */,
				B1476F2726B9E7FE009D22B2 /* Info.plist */,
			);
			path = ParstagramTests;
			sourceTree = "<group>";
		};
		B1476F2F26B9E7FE009D22B2 /* ParstagramUITests */ = {
			isa = PBXGroup;
			children = (
				B1476F3026B9E7FE009D22B2 /* ParstagramUITests.swift */,
				B1476F3226B9E7FE009D22B2 /* Info.plist */,
			);
			path = ParstagramUITests;
			sourceTree = "<group>";
		};
/* End PBXGroup section */

/* Begin PBXNativeTarget section */
		B1476F0A26B9E7F8009D22B2 /* Parstagram */ = {
			isa = PBXNativeTarget;
			buildConfigurationList = B1476F3526B9E7FE009D22B2 /* Build configuration list for PBXNativeTarget "Parstagram" */;
			buildPhases = (
				6B9291D4512948A08A82EE80 /* [CP] Check Pods Manifest.lock */,
				B1476F0726B9E7F8009D22B2 /* Sources */,
				B1476F0826B9E7F8009D22B2 /* Frameworks */,
				B1476F0926B9E7F8009D22B2 /* Resources */,
				67077AB02B929014B081D859 /* [CP] Embed Pods Frameworks */,
			);
			buildRules = (
			);
			dependencies = (
			);
			name = Parstagram;
			productName = Parstagram;
			productReference = B1476F0B26B9E7F8009D22B2 /* Parstagram.app */;
			productType = "com.apple.product-type.application";
		};
		B1476F2026B9E7FE009D22B2 /* ParstagramTests */ = {
			isa = PBXNativeTarget;
			buildConfigurationList = B1476F3826B9E7FE009D22B2 /* Build configuration list for PBXNativeTarget "ParstagramTests" */;
			buildPhases = (
				56C16C8A8C3C00A69C490BC1 /* [CP] Check Pods Manifest.lock */,
				B1476F1D26B9E7FE009D22B2 /* Sources */,
				B1476F1E26B9E7FE009D22B2 /* Frameworks */,
				B1476F1F26B9E7FE009D22B2 /* Resources */,
			);
			buildRules = (
			);
			dependencies = (
				B1476F2326B9E7FE009D22B2 /* PBXTargetDependency */,
			);
			name = ParstagramTests;
			productName = ParstagramTests;
			productReference = B1476F2126B9E7FE009D22B2 /* ParstagramTests.xctest */;
			productType = "com.apple.product-type.bundle.unit-test";
		};
		B1476F2B26B9E7FE009D22B2 /* ParstagramUITests */ = {
			isa = PBXNativeTarget;
			buildConfigurationList = B1476F3B26B9E7FE009D22B2 /* Build configuration list for PBXNativeTarget "ParstagramUITests" */;
			buildPhases = (
				0BCB4A29105926338E933AB9 /* [CP] Check Pods Manifest.lock */,
				B1476F2826B9E7FE009D22B2 /* Sources */,
				B1476F2926B9E7FE009D22B2 /* Frameworks */,
				B1476F2A26B9E7FE009D22B2 /* Resources */,
				44150B3BC3525A4736B066A8 /* [CP] Embed Pods Frameworks */,
			);
			buildRules = (
			);
			dependencies = (
				B1476F2E26B9E7FE009D22B2 /* PBXTargetDependency */,
			);
			name = ParstagramUITests;
			productName = ParstagramUITests;
			productReference = B1476F2C26B9E7FE009D22B2 /* ParstagramUITests.xctest */;
			productType = "com.apple.product-type.bundle.ui-testing";
		};
/* End PBXNativeTarget section */

/* Begin PBXProject section */
		B1476F0326B9E7F8009D22B2 /* Project object */ = {
			isa = PBXProject;
			attributes = {
				LastSwiftUpdateCheck = 1250;
				LastUpgradeCheck = 1250;
				TargetAttributes = {
					B1476F0A26B9E7F8009D22B2 = {
						CreatedOnToolsVersion = 12.5.1;
					};
					B1476F2026B9E7FE009D22B2 = {
						CreatedOnToolsVersion = 12.5.1;
						TestTargetID = B1476F0A26B9E7F8009D22B2;
					};
					B1476F2B26B9E7FE009D22B2 = {
						CreatedOnToolsVersion = 12.5.1;
						TestTargetID = B1476F0A26B9E7F8009D22B2;
					};
				};
			};
			buildConfigurationList = B1476F0626B9E7F8009D22B2 /* Build configuration list for PBXProject "Parstagram" */;
			compatibilityVersion = "Xcode 9.3";
			developmentRegion = en;
			hasScannedForEncodings = 0;
			knownRegions = (
				en,
				Base,
			);
			mainGroup = B1476F0226B9E7F8009D22B2;
			productRefGroup = B1476F0C26B9E7F8009D22B2 /* Products */;
			projectDirPath = "";
			projectRoot = "";
			targets = (
				B1476F0A26B9E7F8009D22B2 /* Parstagram */,
				B1476F2026B9E7FE009D22B2 /* ParstagramTests */,
				B1476F2B26B9E7FE009D22B2 /* ParstagramUITests */,
			);
		};
/* End PBXProject section */

/* Begin PBXResourcesBuildPhase section */
		B1476F0926B9E7F8009D22B2 /* Resources */ = {
			isa = PBXResourcesBuildPhase;
			buildActionMask = 2147483647;
			files = (
				B1476F1B26B9E7FE009D22B2 /* LaunchScreen.storyboard in Resources */,
				B1476F1826B9E7FE009D22B2 /* Assets.xcassets in Resources */,
				B1476F1626B9E7F8009D22B2 /* Main.storyboard in Resources */,
			);
			runOnlyForDeploymentPostprocessing = 0;
		};
		B1476F1F26B9E7FE009D22B2 /* Resources */ = {
			isa = PBXResourcesBuildPhase;
			buildActionMask = 2147483647;
			files = (
			);
			runOnlyForDeploymentPostprocessing = 0;
		};
		B1476F2A26B9E7FE009D22B2 /* Resources */ = {
			isa = PBXResourcesBuildPhase;
			buildActionMask = 2147483647;
			files = (
			);
			runOnlyForDeploymentPostprocessing = 0;
		};
/* End PBXResourcesBuildPhase section */

/* Begin PBXShellScriptBuildPhase section */
		0BCB4A29105926338E933AB9 /* [CP] Check Pods Manifest.lock */ = {
			isa = PBXShellScriptBuildPhase;
			buildActionMask = 2147483647;
			files = (
			);
			inputFileListPaths = (
			);
			inputPaths = (
				"${PODS_PODFILE_DIR_PATH}/Podfile.lock",
				"${PODS_ROOT}/Manifest.lock",
			);
			name = "[CP] Check Pods Manifest.lock";
			outputFileListPaths = (
			);
			outputPaths = (
				"$(DERIVED_FILE_DIR)/Pods-Parstagram-ParstagramUITests-checkManifestLockResult.txt",
			);
			runOnlyForDeploymentPostprocessing = 0;
			shellPath = /bin/sh;
			shellScript = "diff \"${PODS_PODFILE_DIR_PATH}/Podfile.lock\" \"${PODS_ROOT}/Manifest.lock\" > /dev/null\nif [ $? != 0 ] ; then\n    # print error to STDERR\n    echo \"error: The sandbox is not in sync with the Podfile.lock. Run 'pod install' or update your CocoaPods installation.\" >&2\n    exit 1\nfi\n# This output is used by Xcode 'outputs' to avoid re-running this script phase.\necho \"SUCCESS\" > \"${SCRIPT_OUTPUT_FILE_0}\"\n";
			showEnvVarsInLog = 0;
		};
		44150B3BC3525A4736B066A8 /* [CP] Embed Pods Frameworks */ = {
			isa = PBXShellScriptBuildPhase;
			buildActionMask = 2147483647;
			files = (
			);
			inputFileListPaths = (
				"${PODS_ROOT}/Target Support Files/Pods-Parstagram-ParstagramUITests/Pods-Parstagram-ParstagramUITests-frameworks-${CONFIGURATION}-input-files.xcfilelist",
			);
			name = "[CP] Embed Pods Frameworks";
			outputFileListPaths = (
				"${PODS_ROOT}/Target Support Files/Pods-Parstagram-ParstagramUITests/Pods-Parstagram-ParstagramUITests-frameworks-${CONFIGURATION}-output-files.xcfilelist",
			);
			runOnlyForDeploymentPostprocessing = 0;
			shellPath = /bin/sh;
			shellScript = "\"${PODS_ROOT}/Target Support Files/Pods-Parstagram-ParstagramUITests/Pods-Parstagram-ParstagramUITests-frameworks.sh\"\n";
			showEnvVarsInLog = 0;
		};
		56C16C8A8C3C00A69C490BC1 /* [CP] Check Pods Manifest.lock */ = {
			isa = PBXShellScriptBuildPhase;
			buildActionMask = 2147483647;
			files = (
			);
			inputFileListPaths = (
			);
			inputPaths = (
				"${PODS_PODFILE_DIR_PATH}/Podfile.lock",
				"${PODS_ROOT}/Manifest.lock",
			);
			name = "[CP] Check Pods Manifest.lock";
			outputFileListPaths = (
			);
			outputPaths = (
				"$(DERIVED_FILE_DIR)/Pods-ParstagramTests-checkManifestLockResult.txt",
			);
			runOnlyForDeploymentPostprocessing = 0;
			shellPath = /bin/sh;
			shellScript = "diff \"${PODS_PODFILE_DIR_PATH}/Podfile.lock\" \"${PODS_ROOT}/Manifest.lock\" > /dev/null\nif [ $? != 0 ] ; then\n    # print error to STDERR\n    echo \"error: The sandbox is not in sync with the Podfile.lock. Run 'pod install' or update your CocoaPods installation.\" >&2\n    exit 1\nfi\n# This output is used by Xcode 'outputs' to avoid re-running this script phase.\necho \"SUCCESS\" > \"${SCRIPT_OUTPUT_FILE_0}\"\n";
			showEnvVarsInLog = 0;
		};
		67077AB02B929014B081D859 /* [CP] Embed Pods Frameworks */ = {
			isa = PBXShellScriptBuildPhase;
			buildActionMask = 2147483647;
			files = (
			);
			inputFileListPaths = (
				"${PODS_ROOT}/Target Support Files/Pods-Parstagram/Pods-Parstagram-frameworks-${CONFIGURATION}-input-files.xcfilelist",
			);
			name = "[CP] Embed Pods Frameworks";
			outputFileListPaths = (
				"${PODS_ROOT}/Target Support Files/Pods-Parstagram/Pods-Parstagram-frameworks-${CONFIGURATION}-output-files.xcfilelist",
			);
			runOnlyForDeploymentPostprocessing = 0;
			shellPath = /bin/sh;
			shellScript = "\"${PODS_ROOT}/Target Support Files/Pods-Parstagram/Pods-Parstagram-frameworks.sh\"\n";
			showEnvVarsInLog = 0;
		};
		6B9291D4512948A08A82EE80 /* [CP] Check Pods Manifest.lock */ = {
			isa = PBXShellScriptBuildPhase;
			buildActionMask = 2147483647;
			files = (
			);
			inputFileListPaths = (
			);
			inputPaths = (
				"${PODS_PODFILE_DIR_PATH}/Podfile.lock",
				"${PODS_ROOT}/Manifest.lock",
			);
			name = "[CP] Check Pods Manifest.lock";
			outputFileListPaths = (
			);
			outputPaths = (
				"$(DERIVED_FILE_DIR)/Pods-Parstagram-checkManifestLockResult.txt",
			);
			runOnlyForDeploymentPostprocessing = 0;
			shellPath = /bin/sh;
			shellScript = "diff \"${PODS_PODFILE_DIR_PATH}/Podfile.lock\" \"${PODS_ROOT}/Manifest.lock\" > /dev/null\nif [ $? != 0 ] ; then\n    # print error to STDERR\n    echo \"error: The sandbox is not in sync with the Podfile.lock. Run 'pod install' or update your CocoaPods installation.\" >&2\n    exit 1\nfi\n# This output is used by Xcode 'outputs' to avoid re-running this script phase.\necho \"SUCCESS\" > \"${SCRIPT_OUTPUT_FILE_0}\"\n";
			showEnvVarsInLog = 0;
		};
/* End PBXShellScriptBuildPhase section */

/* Begin PBXSourcesBuildPhase section */
		B1476F0726B9E7F8009D22B2 /* Sources */ = {
			isa = PBXSourcesBuildPhase;
			buildActionMask = 2147483647;
			files = (
				B110E28526BDABB900E6B87D /* LoginViewController.swift in Sources */,
				B110E28926BDEEDE00E6B87D /* CameraViewController.swift in Sources */,
				B1476F0F26B9E7F8009D22B2 /* AppDelegate.swift in Sources */,
				B110E28726BDABCE00E6B87D /* FeedViewController.swift in Sources */,
				B1476F1126B9E7F8009D22B2 /* SceneDelegate.swift in Sources */,
				B143FE4526C61D8200E8417D /* PostCell.swift in Sources */,
				B1FE730F26D32F4000D0B2E1 /* CommentCell.swift in Sources */,
			);
			runOnlyForDeploymentPostprocessing = 0;
		};
		B1476F1D26B9E7FE009D22B2 /* Sources */ = {
			isa = PBXSourcesBuildPhase;
			buildActionMask = 2147483647;
			files = (
				B1476F2626B9E7FE009D22B2 /* ParstagramTests.swift in Sources */,
			);
			runOnlyForDeploymentPostprocessing = 0;
		};
		B1476F2826B9E7FE009D22B2 /* Sources */ = {
			isa = PBXSourcesBuildPhase;
			buildActionMask = 2147483647;
			files = (
				B1476F3126B9E7FE009D22B2 /* ParstagramUITests.swift in Sources */,
			);
			runOnlyForDeploymentPostprocessing = 0;
		};
/* End PBXSourcesBuildPhase section */

/* Begin PBXTargetDependency section */
		B1476F2326B9E7FE009D22B2 /* PBXTargetDependency */ = {
			isa = PBXTargetDependency;
			target = B1476F0A26B9E7F8009D22B2 /* Parstagram */;
			targetProxy = B1476F2226B9E7FE009D22B2 /* PBXContainerItemProxy */;
		};
		B1476F2E26B9E7FE009D22B2 /* PBXTargetDependency */ = {
			isa = PBXTargetDependency;
			target = B1476F0A26B9E7F8009D22B2 /* Parstagram */;
			targetProxy = B1476F2D26B9E7FE009D22B2 /* PBXContainerItemProxy */;
		};
/* End PBXTargetDependency section */

/* Begin PBXVariantGroup section */
		B1476F1426B9E7F8009D22B2 /* Main.storyboard */ = {
			isa = PBXVariantGroup;
			children = (
				B1476F1526B9E7F8009D22B2 /* Base */,
			);
			name = Main.storyboard;
			sourceTree = "<group>";
		};
		B1476F1926B9E7FE009D22B2 /* LaunchScreen.storyboard */ = {
			isa = PBXVariantGroup;
			children = (
				B1476F1A26B9E7FE009D22B2 /* Base */,
			);
			name = LaunchScreen.storyboard;
			sourceTree = "<group>";
		};
/* End PBXVariantGroup section */

/* Begin XCBuildConfiguration section */
		B1476F3326B9E7FE009D22B2 /* Debug */ = {
			isa = XCBuildConfiguration;
			buildSettings = {
				ALWAYS_SEARCH_USER_PATHS = NO;
				CLANG_ANALYZER_NONNULL = YES;
				CLANG_ANALYZER_NUMBER_OBJECT_CONVERSION = YES_AGGRESSIVE;
				CLANG_CXX_LANGUAGE_STANDARD = "gnu++14";
				CLANG_CXX_LIBRARY = "libc++";
				CLANG_ENABLE_MODULES = YES;
				CLANG_ENABLE_OBJC_ARC = YES;
				CLANG_ENABLE_OBJC_WEAK = YES;
				CLANG_WARN_BLOCK_CAPTURE_AUTORELEASING = YES;
				CLANG_WARN_BOOL_CONVERSION = YES;
				CLANG_WARN_COMMA = YES;
				CLANG_WARN_CONSTANT_CONVERSION = YES;
				CLANG_WARN_DEPRECATED_OBJC_IMPLEMENTATIONS = YES;
				CLANG_WARN_DIRECT_OBJC_ISA_USAGE = YES_ERROR;
				CLANG_WARN_DOCUMENTATION_COMMENTS = YES;
				CLANG_WARN_EMPTY_BODY = YES;
				CLANG_WARN_ENUM_CONVERSION = YES;
				CLANG_WARN_INFINITE_RECURSION = YES;
				CLANG_WARN_INT_CONVERSION = YES;
				CLANG_WARN_NON_LITERAL_NULL_CONVERSION = YES;
				CLANG_WARN_OBJC_IMPLICIT_RETAIN_SELF = YES;
				CLANG_WARN_OBJC_LITERAL_CONVERSION = YES;
				CLANG_WARN_OBJC_ROOT_CLASS = YES_ERROR;
				CLANG_WARN_QUOTED_INCLUDE_IN_FRAMEWORK_HEADER = YES;
				CLANG_WARN_RANGE_LOOP_ANALYSIS = YES;
				CLANG_WARN_STRICT_PROTOTYPES = YES;
				CLANG_WARN_SUSPICIOUS_MOVE = YES;
				CLANG_WARN_UNGUARDED_AVAILABILITY = YES_AGGRESSIVE;
				CLANG_WARN_UNREACHABLE_CODE = YES;
				CLANG_WARN__DUPLICATE_METHOD_MATCH = YES;
				COPY_PHASE_STRIP = NO;
				DEBUG_INFORMATION_FORMAT = dwarf;
				ENABLE_STRICT_OBJC_MSGSEND = YES;
				ENABLE_TESTABILITY = YES;
				GCC_C_LANGUAGE_STANDARD = gnu11;
				GCC_DYNAMIC_NO_PIC = NO;
				GCC_NO_COMMON_BLOCKS = YES;
				GCC_OPTIMIZATION_LEVEL = 0;
				GCC_PREPROCESSOR_DEFINITIONS = (
					"DEBUG=1",
					"$(inherited)",
				);
				GCC_WARN_64_TO_32_BIT_CONVERSION = YES;
				GCC_WARN_ABOUT_RETURN_TYPE = YES_ERROR;
				GCC_WARN_UNDECLARED_SELECTOR = YES;
				GCC_WARN_UNINITIALIZED_AUTOS = YES_AGGRESSIVE;
				GCC_WARN_UNUSED_FUNCTION = YES;
				GCC_WARN_UNUSED_VARIABLE = YES;
				IPHONEOS_DEPLOYMENT_TARGET = 14.5;
				MTL_ENABLE_DEBUG_INFO = INCLUDE_SOURCE;
				MTL_FAST_MATH = YES;
				ONLY_ACTIVE_ARCH = YES;
				SDKROOT = iphoneos;
				SWIFT_ACTIVE_COMPILATION_CONDITIONS = DEBUG;
				SWIFT_OPTIMIZATION_LEVEL = "-Onone";
			};
			name = Debug;
		};
		B1476F3426B9E7FE009D22B2 /* Release */ = {
			isa = XCBuildConfiguration;
			buildSettings = {
				ALWAYS_SEARCH_USER_PATHS = NO;
				CLANG_ANALYZER_NONNULL = YES;
				CLANG_ANALYZER_NUMBER_OBJECT_CONVERSION = YES_AGGRESSIVE;
				CLANG_CXX_LANGUAGE_STANDARD = "gnu++14";
				CLANG_CXX_LIBRARY = "libc++";
				CLANG_ENABLE_MODULES = YES;
				CLANG_ENABLE_OBJC_ARC = YES;
				CLANG_ENABLE_OBJC_WEAK = YES;
				CLANG_WARN_BLOCK_CAPTURE_AUTORELEASING = YES;
				CLANG_WARN_BOOL_CONVERSION = YES;
				CLANG_WARN_COMMA = YES;
				CLANG_WARN_CONSTANT_CONVERSION = YES;
				CLANG_WARN_DEPRECATED_OBJC_IMPLEMENTATIONS = YES;
				CLANG_WARN_DIRECT_OBJC_ISA_USAGE = YES_ERROR;
				CLANG_WARN_DOCUMENTATION_COMMENTS = YES;
				CLANG_WARN_EMPTY_BODY = YES;
				CLANG_WARN_ENUM_CONVERSION = YES;
				CLANG_WARN_INFINITE_RECURSION = YES;
				CLANG_WARN_INT_CONVERSION = YES;
				CLANG_WARN_NON_LITERAL_NULL_CONVERSION = YES;
				CLANG_WARN_OBJC_IMPLICIT_RETAIN_SELF = YES;
				CLANG_WARN_OBJC_LITERAL_CONVERSION = YES;
				CLANG_WARN_OBJC_ROOT_CLASS = YES_ERROR;
				CLANG_WARN_QUOTED_INCLUDE_IN_FRAMEWORK_HEADER = YES;
				CLANG_WARN_RANGE_LOOP_ANALYSIS = YES;
				CLANG_WARN_STRICT_PROTOTYPES = YES;
				CLANG_WARN_SUSPICIOUS_MOVE = YES;
				CLANG_WARN_UNGUARDED_AVAILABILITY = YES_AGGRESSIVE;
				CLANG_WARN_UNREACHABLE_CODE = YES;
				CLANG_WARN__DUPLICATE_METHOD_MATCH = YES;
				COPY_PHASE_STRIP = NO;
				DEBUG_INFORMATION_FORMAT = "dwarf-with-dsym";
				ENABLE_NS_ASSERTIONS = NO;
				ENABLE_STRICT_OBJC_MSGSEND = YES;
				GCC_C_LANGUAGE_STANDARD = gnu11;
				GCC_NO_COMMON_BLOCKS = YES;
				GCC_WARN_64_TO_32_BIT_CONVERSION = YES;
				GCC_WARN_ABOUT_RETURN_TYPE = YES_ERROR;
				GCC_WARN_UNDECLARED_SELECTOR = YES;
				GCC_WARN_UNINITIALIZED_AUTOS = YES_AGGRESSIVE;
				GCC_WARN_UNUSED_FUNCTION = YES;
				GCC_WARN_UNUSED_VARIABLE = YES;
				IPHONEOS_DEPLOYMENT_TARGET = 14.5;
				MTL_ENABLE_DEBUG_INFO = NO;
				MTL_FAST_MATH = YES;
				SDKROOT = iphoneos;
				SWIFT_COMPILATION_MODE = wholemodule;
				SWIFT_OPTIMIZATION_LEVEL = "-O";
				VALIDATE_PRODUCT = YES;
			};
			name = Release;
		};
		B1476F3626B9E7FE009D22B2 /* Debug */ = {
			isa = XCBuildConfiguration;
			baseConfigurationReference = B1057B89571305BFD66276C9 /* Pods-Parstagram.debug.xcconfig */;
			buildSettings = {
				ASSETCATALOG_COMPILER_APPICON_NAME = AppIcon;
				ASSETCATALOG_COMPILER_GLOBAL_ACCENT_COLOR_NAME = AccentColor;
				CODE_SIGN_STYLE = Automatic;
				DEVELOPMENT_TEAM = VADX959572;
				INFOPLIST_FILE = Parstagram/Info.plist;
				LD_RUNPATH_SEARCH_PATHS = (
					"$(inherited)",
					"@executable_path/Frameworks",
				);
				PRODUCT_BUNDLE_IDENTIFIER = com.tmuchemwa.Parstagram;
				PRODUCT_NAME = "$(TARGET_NAME)";
				SWIFT_VERSION = 5.0;
				TARGETED_DEVICE_FAMILY = "1,2";
			};
			name = Debug;
		};
		B1476F3726B9E7FE009D22B2 /* Release */ = {
			isa = XCBuildConfiguration;
			baseConfigurationReference = 95AFC4B144A7870157347932 /* Pods-Parstagram.release.xcconfig */;
			buildSettings = {
				ASSETCATALOG_COMPILER_APPICON_NAME = AppIcon;
				ASSETCATALOG_COMPILER_GLOBAL_ACCENT_COLOR_NAME = AccentColor;
				CODE_SIGN_STYLE = Automatic;
				DEVELOPMENT_TEAM = VADX959572;
				INFOPLIST_FILE = Parstagram/Info.plist;
				LD_RUNPATH_SEARCH_PATHS = (
					"$(inherited)",
					"@executable_path/Frameworks",
				);
				PRODUCT_BUNDLE_IDENTIFIER = com.tmuchemwa.Parstagram;
				PRODUCT_NAME = "$(TARGET_NAME)";
				SWIFT_VERSION = 5.0;
				TARGETED_DEVICE_FAMILY = "1,2";
			};
			name = Release;
		};
		B1476F3926B9E7FE009D22B2 /* Debug */ = {
			isa = XCBuildConfiguration;
			baseConfigurationReference = 3C6D00DE7B1D2A7973D5C7A0 /* Pods-ParstagramTests.debug.xcconfig */;
			buildSettings = {
				ALWAYS_EMBED_SWIFT_STANDARD_LIBRARIES = YES;
				BUNDLE_LOADER = "$(TEST_HOST)";
				CODE_SIGN_STYLE = Automatic;
				DEVELOPMENT_TEAM = VADX959572;
				INFOPLIST_FILE = ParstagramTests/Info.plist;
				IPHONEOS_DEPLOYMENT_TARGET = 14.5;
				LD_RUNPATH_SEARCH_PATHS = (
					"$(inherited)",
					"@executable_path/Frameworks",
					"@loader_path/Frameworks",
				);
				PRODUCT_BUNDLE_IDENTIFIER = com.tmuchemwa.ParstagramTests;
				PRODUCT_NAME = "$(TARGET_NAME)";
				SWIFT_VERSION = 5.0;
				TARGETED_DEVICE_FAMILY = "1,2";
				TEST_HOST = "$(BUILT_PRODUCTS_DIR)/Parstagram.app/Parstagram";
			};
			name = Debug;
		};
		B1476F3A26B9E7FE009D22B2 /* Release */ = {
			isa = XCBuildConfiguration;
			baseConfigurationReference = FD06068855BD7553C5AB5E35 /* Pods-ParstagramTests.release.xcconfig */;
			buildSettings = {
				ALWAYS_EMBED_SWIFT_STANDARD_LIBRARIES = YES;
				BUNDLE_LOADER = "$(TEST_HOST)";
				CODE_SIGN_STYLE = Automatic;
				DEVELOPMENT_TEAM = VADX959572;
				INFOPLIST_FILE = ParstagramTests/Info.plist;
				IPHONEOS_DEPLOYMENT_TARGET = 14.5;
				LD_RUNPATH_SEARCH_PATHS = (
					"$(inherited)",
					"@executable_path/Frameworks",
					"@loader_path/Frameworks",
				);
				PRODUCT_BUNDLE_IDENTIFIER = com.tmuchemwa.ParstagramTests;
				PRODUCT_NAME = "$(TARGET_NAME)";
				SWIFT_VERSION = 5.0;
				TARGETED_DEVICE_FAMILY = "1,2";
				TEST_HOST = "$(BUILT_PRODUCTS_DIR)/Parstagram.app/Parstagram";
			};
			name = Release;
		};
		B1476F3C26B9E7FE009D22B2 /* Debug */ = {
			isa = XCBuildConfiguration;
			baseConfigurationReference = 0C4E55B7A8F3AFF9D8D61D4A /* Pods-Parstagram-ParstagramUITests.debug.xcconfig */;
			buildSettings = {
				ALWAYS_EMBED_SWIFT_STANDARD_LIBRARIES = YES;
				CODE_SIGN_STYLE = Automatic;
				DEVELOPMENT_TEAM = VADX959572;
				INFOPLIST_FILE = ParstagramUITests/Info.plist;
				LD_RUNPATH_SEARCH_PATHS = (
					"$(inherited)",
					"@executable_path/Frameworks",
					"@loader_path/Frameworks",
				);
				PRODUCT_BUNDLE_IDENTIFIER = com.tmuchemwa.ParstagramUITests;
				PRODUCT_NAME = "$(TARGET_NAME)";
				SWIFT_VERSION = 5.0;
				TARGETED_DEVICE_FAMILY = "1,2";
				TEST_TARGET_NAME = Parstagram;
			};
			name = Debug;
		};
		B1476F3D26B9E7FE009D22B2 /* Release */ = {
			isa = XCBuildConfiguration;
			baseConfigurationReference = 77E0351C5FE857CB56C2E27B /* Pods-Parstagram-ParstagramUITests.release.xcconfig */;
			buildSettings = {
				ALWAYS_EMBED_SWIFT_STANDARD_LIBRARIES = YES;
				CODE_SIGN_STYLE = Automatic;
				DEVELOPMENT_TEAM = VADX959572;
				INFOPLIST_FILE = ParstagramUITests/Info.plist;
				LD_RUNPATH_SEARCH_PATHS = (
					"$(inherited)",
					"@executable_path/Frameworks",
					"@loader_path/Frameworks",
				);
				PRODUCT_BUNDLE_IDENTIFIER = com.tmuchemwa.ParstagramUITests;
				PRODUCT_NAME = "$(TARGET_NAME)";
				SWIFT_VERSION = 5.0;
				TARGETED_DEVICE_FAMILY = "1,2";
				TEST_TARGET_NAME = Parstagram;
			};
			name = Release;
		};
/* End XCBuildConfiguration section */

/* Begin XCConfigurationList section */
		B1476F0626B9E7F8009D22B2 /* Build configuration list for PBXProject "Parstagram" */ = {
			isa = XCConfigurationList;
			buildConfigurations = (
				B1476F3326B9E7FE009D22B2 /* Debug */,
				B1476F3426B9E7FE009D22B2 /* Release */,
			);
			defaultConfigurationIsVisible = 0;
			defaultConfigurationName = Release;
		};
		B1476F3526B9E7FE009D22B2 /* Build configuration list for PBXNativeTarget "Parstagram" */ = {
			isa = XCConfigurationList;
			buildConfigurations = (
				B1476F3626B9E7FE009D22B2 /* Debug */,
				B1476F3726B9E7FE009D22B2 /* Release */,
			);
			defaultConfigurationIsVisible = 0;
			defaultConfigurationName = Release;
		};
		B1476F3826B9E7FE009D22B2 /* Build configuration list for PBXNativeTarget "ParstagramTests" */ = {
			isa = XCConfigurationList;
			buildConfigurations = (
				B1476F3926B9E7FE009D22B2 /* Debug */,
				B1476F3A26B9E7FE009D22B2 /* Release */,
			);
			defaultConfigurationIsVisible = 0;
			defaultConfigurationName = Release;
		};
		B1476F3B26B9E7FE009D22B2 /* Build configuration list for PBXNativeTarget "ParstagramUITests" */ = {
			isa = XCConfigurationList;
			buildConfigurations = (
				B1476F3C26B9E7FE009D22B2 /* Debug */,
				B1476F3D26B9E7FE009D22B2 /* Release */,
			);
			defaultConfigurationIsVisible = 0;
			defaultConfigurationName = Release;
		};
/* End XCConfigurationList section */
	};
	rootObject = B1476F0326B9E7F8009D22B2 /* Project object */;
}
